{
    "requires": true,
    "lockfileVersion": 1,
    "dependencies": {
        "select2": {
            "version": "4.0.7",
            "resolved": "https://registry.npmjs.org/select2/-/select2-4.0.7.tgz",
            "integrity": "sha512-t46Z2nkEEYnBYdRpLNw5dj9qqO+YTiTlWKnpJ/B5e1Q3hPND00JRgcLJxYRzqpeLZd+ZkszkHEMagLKIfbTjVA=="
        }
    }
}
